
Microsoft Visual Studio Solution File, Format Version 12.00
# Visual Studio 2013
VisualStudioVersion = 12.0.30501.0
MinimumVisualStudioVersion = 10.0.40219.1
Project("{FAE04EC0-301F-11D3-BF4B-00C04F79EFBC}") = "SwinSchool.WebUI", "SwinSchool.WebUI\SwinSchool.WebUI.csproj", "{49B2D766-DBF8-415C-A74C-363BDD2C669F}"
	ProjectSection(ProjectDependencies) = postProject
		{2C076B91-E450-4027-A96B-B31E680BE677} = {2C076B91-E450-4027-A96B-B31E680BE677}
	EndProjectSection
EndProject
Project("{FAE04EC0-301F-11D3-BF4B-00C04F79EFBC}") = "SwinSchool.DAL", "SwinSchool.DAL\SwinSchool.DAL.csproj", "{9B3276C5-599E-4A74-8EDA-19920BCAD46D}"
EndProject
Project("{FAE04EC0-301F-11D3-BF4B-00C04F79EFBC}") = "SwinSchool.CommonShared", "SwinSchool.CommonShared\SwinSchool.CommonShared.csproj", "{ED51EEDD-DB50-4B47-A1A3-552EF06245EE}"
EndProject
Project("{FAE04EC0-301F-11D3-BF4B-00C04F79EFBC}") = "SwinSchool.BusinessLogicServer", "SwinSchool.BusinessLogicServer\SwinSchool.BusinessLogicServer.csproj", "{2C076B91-E450-4027-A96B-B31E680BE677}"
EndProject
Global
	GlobalSection(SolutionConfigurationPlatforms) = preSolution
		Debug|Any CPU = Debug|Any CPU
		Release|Any CPU = Release|Any CPU
	EndGlobalSection
	GlobalSection(ProjectConfigurationPlatforms) = postSolution
		{49B2D766-DBF8-415C-A74C-363BDD2C669F}.Debug|Any CPU.ActiveCfg = Debug|Any CPU
		{49B2D766-DBF8-415C-A74C-363BDD2C669F}.Debug|Any CPU.Build.0 = Debug|Any CPU
		{49B2D766-DBF8-415C-A74C-363BDD2C669F}.Release|Any CPU.ActiveCfg = Release|Any CPU
		{49B2D766-DBF8-415C-A74C-363BDD2C669F}.Release|Any CPU.Build.0 = Release|Any CPU
		{9B3276C5-599E-4A74-8EDA-19920BCAD46D}.Debug|Any CPU.ActiveCfg = Debug|Any CPU
		{9B3276C5-599E-4A74-8EDA-19920BCAD46D}.Debug|Any CPU.Build.0 = Debug|Any CPU
		{9B3276C5-599E-4A74-8EDA-19920BCAD46D}.Release|Any CPU.ActiveCfg = Release|Any CPU
		{9B3276C5-599E-4A74-8EDA-19920BCAD46D}.Release|Any CPU.Build.0 = Release|Any CPU
		{ED51EEDD-DB50-4B47-A1A3-552EF06245EE}.Debug|Any CPU.ActiveCfg = Debug|Any CPU
		{ED51EEDD-DB50-4B47-A1A3-552EF06245EE}.Debug|Any CPU.Build.0 = Debug|Any CPU
		{ED51EEDD-DB50-4B47-A1A3-552EF06245EE}.Release|Any CPU.ActiveCfg = Release|Any CPU
		{ED51EEDD-DB50-4B47-A1A3-552EF06245EE}.Release|Any CPU.Build.0 = Release|Any CPU
		{2C076B91-E450-4027-A96B-B31E680BE677}.Debug|Any CPU.ActiveCfg = Debug|Any CPU
		{2C076B91-E450-4027-A96B-B31E680BE677}.Debug|Any CPU.Build.0 = Debug|Any CPU
		{2C076B91-E450-4027-A96B-B31E680BE677}.Release|Any CPU.ActiveCfg = Release|Any CPU
		{2C076B91-E450-4027-A96B-B31E680BE677}.Release|Any CPU.Build.0 = Release|Any CPU
	EndGlobalSection
	GlobalSection(SolutionProperties) = preSolution
		HideSolutionNode = FALSE
	EndGlobalSection
EndGlobal
